
Microsoft Visual Studio Solution File, Format Version 12.00
# Visual Studio 15
VisualStudioVersion = 15.0.26730.10
MinimumVisualStudioVersion = 10.0.40219.1
Project("{9A19103F-16F7-4668-BE54-9A1E7A4F7556}") = "Library", "Library\Library.csproj", "{7BFA34A8-C41A-4682-A4D8-96EB7BCAD041}"
EndProject
Project("{9A19103F-16F7-4668-BE54-9A1E7A4F7556}") = "LibraryData", "LibraryData\LibraryData.csproj", "{B21372CB-C187-450B-8079-DE78B1119D37}"
EndProject
Project("{FAE04EC0-301F-11D3-BF4B-00C04F79EFBC}") = "LibraryServices", "LibraryServices\LibraryServices.csproj", "{C4DEB394-FC1D-4F35-B337-3F4FC449DF50}"
EndProject
Global
	GlobalSection(SolutionConfigurationPlatforms) = preSolution
		Debug|Any CPU = Debug|Any CPU
		Release|Any CPU = Release|Any CPU
	EndGlobalSection
	GlobalSection(ProjectConfigurationPlatforms) = postSolution
		{7BFA34A8-C41A-4682-A4D8-96EB7BCAD041}.Debug|Any CPU.ActiveCfg = Debug|Any CPU
		{7BFA34A8-C41A-4682-A4D8-96EB7BCAD041}.Debug|Any CPU.Build.0 = Debug|Any CPU
		{7BFA34A8-C41A-4682-A4D8-96EB7BCAD041}.Release|Any CPU.ActiveCfg = Release|Any CPU
		{7BFA34A8-C41A-4682-A4D8-96EB7BCAD041}.Release|Any CPU.Build.0 = Release|Any CPU
		{B21372CB-C187-450B-8079-DE78B1119D37}.Debug|Any CPU.ActiveCfg = Debug|Any CPU
		{B21372CB-C187-450B-8079-DE78B1119D37}.Debug|Any CPU.Build.0 = Debug|Any CPU
		{B21372CB-C187-450B-8079-DE78B1119D37}.Release|Any CPU.ActiveCfg = Release|Any CPU
		{B21372CB-C187-450B-8079-DE78B1119D37}.Release|Any CPU.Build.0 = Release|Any CPU
		{C4DEB394-FC1D-4F35-B337-3F4FC449DF50}.Debug|Any CPU.ActiveCfg = Debug|Any CPU
		{C4DEB394-FC1D-4F35-B337-3F4FC449DF50}.Debug|Any CPU.Build.0 = Debug|Any CPU
		{C4DEB394-FC1D-4F35-B337-3F4FC449DF50}.Release|Any CPU.ActiveCfg = Release|Any CPU
		{C4DEB394-FC1D-4F35-B337-3F4FC449DF50}.Release|Any CPU.Build.0 = Release|Any CPU
	EndGlobalSection
	GlobalSection(SolutionProperties) = preSolution
		HideSolutionNode = FALSE
	EndGlobalSection
	GlobalSection(ExtensibilityGlobals) = postSolution
		SolutionGuid = {7A52993F-7AB2-4AB2-9C39-BAB449DE863F}
	EndGlobalSection
EndGlobal
